
Microsoft Visual Studio Solution File, Format Version 12.00
# Visual Studio Version 17
VisualStudioVersion = 17.3.32901.215
MinimumVisualStudioVersion = 10.0.40219.1
Project("{FAE04EC0-301F-11D3-BF4B-00C04F79EFBC}") = "Exe1", "Exe1\Exe1.csproj", "{5BD8D4BA-2AF8-4480-82FD-E1E452E98C31}"
EndProject
Global
	GlobalSection(SolutionConfigurationPlatforms) = preSolution
		Debug|Any CPU = Debug|Any CPU
		Release|Any CPU = Release|Any CPU
	EndGlobalSection
	GlobalSection(ProjectConfigurationPlatforms) = postSolution
		{5BD8D4BA-2AF8-4480-82FD-E1E452E98C31}.Debug|Any CPU.ActiveCfg = Debug|Any CPU
		{5BD8D4BA-2AF8-4480-82FD-E1E452E98C31}.Debug|Any CPU.Build.0 = Debug|Any CPU
		{5BD8D4BA-2AF8-4480-82FD-E1E452E98C31}.Release|Any CPU.ActiveCfg = Release|Any CPU
		{5BD8D4BA-2AF8-4480-82FD-E1E452E98C31}.Release|Any CPU.Build.0 = Release|Any CPU
	EndGlobalSection
	GlobalSection(SolutionProperties) = preSolution
		HideSolutionNode = FALSE
	EndGlobalSection
	GlobalSection(ExtensibilityGlobals) = postSolution
		SolutionGuid = {7AED0269-0A2B-4373-9F44-7BDB249FB147}
	EndGlobalSection
EndGlobal
